# THIS IS AN AUTOGENERATED FILE. DO NOT EDIT THIS FILE DIRECTLY.
# yarn lockfile v1


turbo-darwin-64@1.10.16:
  version "1.10.16"
  resolved "https://registry.yarnpkg.com/turbo-darwin-64/-/turbo-darwin-64-1.10.16.tgz#5a8717c1372f2a75e8cfe0b4b6455119ce410b19"
  integrity sha512-+Jk91FNcp9e9NCLYlvDDlp2HwEDp14F9N42IoW3dmHI5ZkGSXzalbhVcrx3DOox3QfiNUHxzWg4d7CnVNCuuMg==

turbo-darwin-arm64@1.10.16:
  version "1.10.16"
  resolved "https://registry.yarnpkg.com/turbo-darwin-arm64/-/turbo-darwin-arm64-1.10.16.tgz#19b5b63acf7ee0fce7e1fe5850e093c2ac9c73f5"
  integrity sha512-jqGpFZipIivkRp/i+jnL8npX0VssE6IAVNKtu573LXtssZdV/S+fRGYA16tI46xJGxSAivrZ/IcgZrV6Jk80bw==

turbo-linux-64@1.10.16:
  version "1.10.16"
  resolved "https://registry.yarnpkg.com/turbo-linux-64/-/turbo-linux-64-1.10.16.tgz#ee97c0011553a96bd7995e7bcc6e65aab8996798"
  integrity sha512-PpqEZHwLoizQ6sTUvmImcRmACyRk9EWLXGlqceogPZsJ1jTRK3sfcF9fC2W56zkSIzuLEP07k5kl+ZxJd8JMcg==

turbo-linux-arm64@1.10.16:
  version "1.10.16"
  resolved "https://registry.yarnpkg.com/turbo-linux-arm64/-/turbo-linux-arm64-1.10.16.tgz#2723cc2a846d89df7484002161b25673f4f04009"
  integrity sha512-TMjFYz8to1QE0fKVXCIvG/4giyfnmqcQIwjdNfJvKjBxn22PpbjeuFuQ5kNXshUTRaTJihFbuuCcb5OYFNx4uw==

turbo-windows-64@1.10.16:
  version "1.10.16"
  resolved "https://registry.yarnpkg.com/turbo-windows-64/-/turbo-windows-64-1.10.16.tgz#87c46a78502a86dec73634b255a6b3471285969b"
  integrity sha512-+jsf68krs0N66FfC4/zZvioUap/Tq3sPFumnMV+EBo8jFdqs4yehd6+MxIwYTjSQLIcpH8KoNMB0gQYhJRLZzw==

turbo-windows-arm64@1.10.16:
  version "1.10.16"
  resolved "https://registry.yarnpkg.com/turbo-windows-arm64/-/turbo-windows-arm64-1.10.16.tgz#a6208c2bc27e5e6ef0aa4a3e64389c4285c3f274"
  integrity sha512-sKm3hcMM1bl0B3PLG4ifidicOGfoJmOEacM5JtgBkYM48ncMHjkHfFY7HrJHZHUnXM4l05RQTpLFoOl/uIo2HQ==

turbo@^1.10.16:
  version "1.10.16"
  resolved "https://registry.yarnpkg.com/turbo/-/turbo-1.10.16.tgz#51601a65a3aa56d1b9d9cb9a2ab3a5a2eab41e19"
  integrity sha512-2CEaK4FIuSZiP83iFa9GqMTQhroW2QryckVqUydmg4tx78baftTOS0O+oDAhvo9r9Nit4xUEtC1RAHoqs6ZEtg==
  optionalDependencies:
    turbo-darwin-64 "1.10.16"
    turbo-darwin-arm64 "1.10.16"
    turbo-linux-64 "1.10.16"
    turbo-linux-arm64 "1.10.16"
    turbo-windows-64 "1.10.16"
    turbo-windows-arm64 "1.10.16"
